
Microsoft Visual Studio Solution File, Format Version 12.00
# Visual Studio Version 17
VisualStudioVersion = 17.0.31903.59
MinimumVisualStudioVersion = 10.0.40219.1
Project("{F184B08F-C81C-45F6-A57F-5ABD9991F28F}") = "Accumulate", "accumulate\Accumulate.vbproj", "{CE9300DC-0599-05BE-0176-4D6095648288}"
EndProject
Project("{F184B08F-C81C-45F6-A57F-5ABD9991F28F}") = "Acronym", "acronym\Acronym.vbproj", "{09C3B593-0E62-02EF-346F-FD237B4B5023}"
EndProject
Project("{F184B08F-C81C-45F6-A57F-5ABD9991F28F}") = "AffineCipher", "affine-cipher\AffineCipher.vbproj", "{3DA7FB9B-F6C1-0D1B-1DA7-9E7DD91FCE15}"
EndProject
Project("{F184B08F-C81C-45F6-A57F-5ABD9991F28F}") = "AllYourBase", "all-your-base\AllYourBase.vbproj", "{4118CE83-3850-005A-3B57-0B9AB4A7FF01}"
EndProject
Project("{F184B08F-C81C-45F6-A57F-5ABD9991F28F}") = "Allergies", "allergies\Allergies.vbproj", "{A8868E8C-3A3F-039A-0377-E729E4E7F77C}"
EndProject
Project("{F184B08F-C81C-45F6-A57F-5ABD9991F28F}") = "Alphametics", "alphametics\Alphametics.vbproj", "{D5AEBE6C-5A6C-0E8A-280C-EF4FA17B7642}"
EndProject
Project("{F184B08F-C81C-45F6-A57F-5ABD9991F28F}") = "Anagram", "anagram\Anagram.vbproj", "{75EF5773-CFE4-08C1-1CC2-B6009D9E296E}"
EndProject
Project("{F184B08F-C81C-45F6-A57F-5ABD9991F28F}") = "ArmstrongNumbers", "armstrong-numbers\ArmstrongNumbers.vbproj", "{AF10D53D-7F15-0075-03EC-4982EF7ACB31}"
EndProject
Project("{F184B08F-C81C-45F6-A57F-5ABD9991F28F}") = "AtbashCipher", "atbash-cipher\AtbashCipher.vbproj", "{1036CA36-B6AE-0C76-3A7A-224DB15C6332}"
EndProject
Project("{F184B08F-C81C-45F6-A57F-5ABD9991F28F}") = "BankAccount", "bank-account\BankAccount.vbproj", "{721DE811-CC98-0DDA-0849-F73D15BDD393}"
EndProject
Project("{F184B08F-C81C-45F6-A57F-5ABD9991F28F}") = "BeerSong", "beer-song\BeerSong.vbproj", "{CDDE05AA-99F7-00A3-17A4-7BD9EE3DE359}"
EndProject
Project("{F184B08F-C81C-45F6-A57F-5ABD9991F28F}") = "Binary", "binary\Binary.vbproj", "{D97B9705-82B3-08DC-3CA5-4A016F4F3024}"
EndProject
Project("{F184B08F-C81C-45F6-A57F-5ABD9991F28F}") = "BinarySearch", "binary-search\BinarySearch.vbproj", "{BB6521F1-56AC-0BC7-238A-7D9497A1F875}"
EndProject
Project("{F184B08F-C81C-45F6-A57F-5ABD9991F28F}") = "Bob", "bob\Bob.vbproj", "{B85ABD0B-C363-0732-1CD6-EB28333185AC}"
EndProject
Project("{F184B08F-C81C-45F6-A57F-5ABD9991F28F}") = "BookStore", "book-store\BookStore.vbproj", "{51023AEA-CCAA-0CD0-059C-B61572637D1C}"
EndProject
Project("{F184B08F-C81C-45F6-A57F-5ABD9991F28F}") = "Bowling", "bowling\Bowling.vbproj", "{77DED585-92EA-0CB5-1350-485669DE6509}"
EndProject
Project("{F184B08F-C81C-45F6-A57F-5ABD9991F28F}") = "Change", "change\Change.vbproj", "{508A117F-C162-0E09-2097-0B37D9E0AA13}"
EndProject
Project("{F184B08F-C81C-45F6-A57F-5ABD9991F28F}") = "CircularBuffer", "circular-buffer\CircularBuffer.vbproj", "{69D6AF62-9271-0BCA-386F-27E2EF3B164C}"
EndProject
Project("{F184B08F-C81C-45F6-A57F-5ABD9991F28F}") = "Clock", "clock\Clock.vbproj", "{1ABFF4B2-124C-0075-3BF5-D802E7DD2026}"
EndProject
Project("{F184B08F-C81C-45F6-A57F-5ABD9991F28F}") = "CollatzConjecture", "collatz-conjecture\CollatzConjecture.vbproj", "{B4D11A13-732A-071F-233F-EEBB366A80FD}"
EndProject
Project("{F184B08F-C81C-45F6-A57F-5ABD9991F28F}") = "ComplexNumbers", "complex-numbers\ComplexNumbers.vbproj", "{2FC662AF-C5FA-040D-3CB7-81E44759A330}"
EndProject
Project("{F184B08F-C81C-45F6-A57F-5ABD9991F28F}") = "Connect", "connect\Connect.vbproj", "{87AB7CBB-5219-0B7A-10FA-B27065101A23}"
EndProject
Project("{F184B08F-C81C-45F6-A57F-5ABD9991F28F}") = "CryptoSquare", "crypto-square\CryptoSquare.vbproj", "{EF5DF6B4-8800-07B9-268E-1FFF7DBDDC4E}"
EndProject
Project("{F184B08F-C81C-45F6-A57F-5ABD9991F28F}") = "CustomSet", "custom-set\CustomSet.vbproj", "{6B7446A3-BBF5-0E14-273B-6FBE7DB87FC9}"
EndProject
Project("{F184B08F-C81C-45F6-A57F-5ABD9991F28F}") = "Darts", "darts\Darts.vbproj", "{E0A62A47-37FD-0036-3AF1-213C821D230B}"
EndProject
Project("{F184B08F-C81C-45F6-A57F-5ABD9991F28F}") = "Diamond", "diamond\Diamond.vbproj", "{E71ED49E-F53A-0CB9-013C-FE3949871C55}"
EndProject
Project("{F184B08F-C81C-45F6-A57F-5ABD9991F28F}") = "DifferenceOfSquares", "difference-of-squares\DifferenceOfSquares.vbproj", "{A33F5651-0984-08B0-2418-CB5937FC5B7A}"
EndProject
Project("{F184B08F-C81C-45F6-A57F-5ABD9991F28F}") = "DiffieHellman", "diffie-hellman\DiffieHellman.vbproj", "{9D6E11A2-9CA0-03C9-1E55-C9199DC5D00C}"
EndProject
Project("{F184B08F-C81C-45F6-A57F-5ABD9991F28F}") = "DndCharacter", "dnd-character\DndCharacter.vbproj", "{5B17EA35-E7A4-0B96-08D4-4F76B0B903EA}"
EndProject
Project("{F184B08F-C81C-45F6-A57F-5ABD9991F28F}") = "Dominoes", "dominoes\Dominoes.vbproj", "{9B111DA7-B383-03A2-3392-9FEAB4D860F5}"
EndProject
Project("{F184B08F-C81C-45F6-A57F-5ABD9991F28F}") = "DotDsl", "dot-dsl\DotDsl.vbproj", "{FE55EED9-5F92-031D-2BE5-7783179C8B5C}"
EndProject
Project("{F184B08F-C81C-45F6-A57F-5ABD9991F28F}") = "ErrorHandling", "error-handling\ErrorHandling.vbproj", "{972D4EB3-F1DF-095B-3E93-EA6ACAA767FE}"
EndProject
Project("{F184B08F-C81C-45F6-A57F-5ABD9991F28F}") = "Etl", "etl\Etl.vbproj", "{B889CF49-70A8-0B5F-1940-05A6AC8E7609}"
EndProject
Project("{F184B08F-C81C-45F6-A57F-5ABD9991F28F}") = "FlattenArray", "flatten-array\FlattenArray.vbproj", "{8EADC2FB-7575-0486-2E5E-4F73EEC85AA8}"
EndProject
Project("{F184B08F-C81C-45F6-A57F-5ABD9991F28F}") = "FoodChain", "food-chain\FoodChain.vbproj", "{23042E11-6404-0581-2C57-CBA7F96208D2}"
EndProject
Project("{F184B08F-C81C-45F6-A57F-5ABD9991F28F}") = "Forth", "forth\Forth.vbproj", "{D7172377-C83B-096A-118B-1786594A97AB}"
EndProject
Project("{F184B08F-C81C-45F6-A57F-5ABD9991F28F}") = "Gigasecond", "gigasecond\Gigasecond.vbproj", "{57EDAC92-8C07-0B00-07F4-02263F7921C9}"
EndProject
Project("{F184B08F-C81C-45F6-A57F-5ABD9991F28F}") = "GoCounting", "go-counting\GoCounting.vbproj", "{D9DF6FAC-A7CF-054D-1F70-73EB6DFEBA2C}"
EndProject
Project("{F184B08F-C81C-45F6-A57F-5ABD9991F28F}") = "GradeSchool", "grade-school\GradeSchool.vbproj", "{6B4B8EAC-5B6A-0F9A-211E-4C07BFAF428E}"
EndProject
Project("{F184B08F-C81C-45F6-A57F-5ABD9991F28F}") = "Grains", "grains\Grains.vbproj", "{4038FCEF-418C-0E3B-300D-29C940DAAF08}"
EndProject
Project("{F184B08F-C81C-45F6-A57F-5ABD9991F28F}") = "Grep", "grep\Grep.vbproj", "{16146FCB-D811-00B1-3C58-B38C611D7596}"
EndProject
Project("{F184B08F-C81C-45F6-A57F-5ABD9991F28F}") = "Hamming", "hamming\Hamming.vbproj", "{8D482D20-5D54-060B-3CF7-3960D9DFC846}"
EndProject
Project("{F184B08F-C81C-45F6-A57F-5ABD9991F28F}") = "Hangman", "hangman\Hangman.vbproj", "{37955188-5E9D-0294-264A-7A155EDA0044}"
EndProject
Project("{F184B08F-C81C-45F6-A57F-5ABD9991F28F}") = "HelloWorld", "hello-world\HelloWorld.vbproj", "{D96A5B62-2F6A-01FC-3D90-C5FB6E0A3532}"
EndProject
Project("{F184B08F-C81C-45F6-A57F-5ABD9991F28F}") = "Hexadecimal", "hexadecimal\Hexadecimal.vbproj", "{ED911EF1-1BA7-0A7A-340A-838F2D22A9F3}"
EndProject
Project("{F184B08F-C81C-45F6-A57F-5ABD9991F28F}") = "HighScores", "high-scores\HighScores.vbproj", "{2FD51F4E-BCE7-0E51-2E18-DB1D2922542D}"
EndProject
Project("{F184B08F-C81C-45F6-A57F-5ABD9991F28F}") = "House", "house\House.vbproj", "{AEA3DF1F-BACE-04D9-222E-17E910681E92}"
EndProject
Project("{F184B08F-C81C-45F6-A57F-5ABD9991F28F}") = "IsbnVerifier", "isbn-verifier\IsbnVerifier.vbproj", "{9F6F9207-E5CE-00C2-02E4-2276112C69E8}"
EndProject
Project("{F184B08F-C81C-45F6-A57F-5ABD9991F28F}") = "Isogram", "isogram\Isogram.vbproj", "{BDBC64B2-002C-0D89-24FE-EAEA5133E1EC}"
EndProject
Project("{F184B08F-C81C-45F6-A57F-5ABD9991F28F}") = "KindergartenGarden", "kindergarten-garden\KindergartenGarden.vbproj", "{A52513C1-247B-0D77-177D-8BC3FA1E966D}"
EndProject
Project("{F184B08F-C81C-45F6-A57F-5ABD9991F28F}") = "LargestSeriesProduct", "largest-series-product\LargestSeriesProduct.vbproj", "{70601F3F-866A-0FEE-0623-0C41C4F98C9C}"
EndProject
Project("{F184B08F-C81C-45F6-A57F-5ABD9991F28F}") = "Leap", "leap\Leap.vbproj", "{624FE497-D9BF-04A2-39E7-3E3F3FF59C60}"
EndProject
Project("{F184B08F-C81C-45F6-A57F-5ABD9991F28F}") = "Ledger", "ledger\Ledger.vbproj", "{BD4D18C7-B1F9-0F16-2CCB-26547119F919}"
EndProject
Project("{F184B08F-C81C-45F6-A57F-5ABD9991F28F}") = "LinkedList", "linked-list\LinkedList.vbproj", "{3FF00834-C9F4-047F-28BC-E5F23DBD8146}"
EndProject
Project("{F184B08F-C81C-45F6-A57F-5ABD9991F28F}") = "ListOps", "list-ops\ListOps.vbproj", "{DED8EEBD-664E-0138-269B-01A27AF1A8B8}"
EndProject
Project("{F184B08F-C81C-45F6-A57F-5ABD9991F28F}") = "Luhn", "luhn\Luhn.vbproj", "{21380481-CD4D-040A-3F56-89D6463255FA}"
EndProject
Project("{F184B08F-C81C-45F6-A57F-5ABD9991F28F}") = "Markdown", "markdown\Markdown.vbproj", "{149A2C2A-06E0-0371-14A2-1CEE1E4AC967}"
EndProject
Project("{F184B08F-C81C-45F6-A57F-5ABD9991F28F}") = "MatchingBrackets", "matching-brackets\MatchingBrackets.vbproj", "{F524E32B-A9A1-0195-30C6-37BD3762E3CE}"
EndProject
Project("{F184B08F-C81C-45F6-A57F-5ABD9991F28F}") = "Matrix", "matrix\Matrix.vbproj", "{B0A8AD8C-81F3-049D-143F-DF36494D366D}"
EndProject
Project("{F184B08F-C81C-45F6-A57F-5ABD9991F28F}") = "Meetup", "meetup\Meetup.vbproj", "{CA0A01AE-DB56-0783-2B8E-A808E8ECEF6E}"
EndProject
Project("{F184B08F-C81C-45F6-A57F-5ABD9991F28F}") = "Minesweeper", "minesweeper\Minesweeper.vbproj", "{CE82DB2C-E43C-0768-0D7E-DF1C840E3029}"
EndProject
Project("{F184B08F-C81C-45F6-A57F-5ABD9991F28F}") = "NthPrime", "nth-prime\NthPrime.vbproj", "{F72030A9-7A79-0D5B-0540-2A2C89C0F3F8}"
EndProject
Project("{F184B08F-C81C-45F6-A57F-5ABD9991F28F}") = "NucleotideCount", "nucleotide-count\NucleotideCount.vbproj", "{434C22C1-D615-07B9-1875-9686BA056613}"
EndProject
Project("{F184B08F-C81C-45F6-A57F-5ABD9991F28F}") = "OcrNumbers", "ocr-numbers\OcrNumbers.vbproj", "{1BE8C39A-D472-0760-12DB-755512BD5C13}"
EndProject
Project("{F184B08F-C81C-45F6-A57F-5ABD9991F28F}") = "Octal", "octal\Octal.vbproj", "{1936A351-237D-0A78-368D-95CF04804DC3}"
EndProject
Project("{F184B08F-C81C-45F6-A57F-5ABD9991F28F}") = "PalindromeProducts", "palindrome-products\PalindromeProducts.vbproj", "{FCEB8F01-3657-0EDD-37BB-6A26516E3433}"
EndProject
Project("{F184B08F-C81C-45F6-A57F-5ABD9991F28F}") = "Pangram", "pangram\Pangram.vbproj", "{2D3445EA-D7DB-00F3-38F0-EDEEFB686D39}"
EndProject
Project("{F184B08F-C81C-45F6-A57F-5ABD9991F28F}") = "ParallelLetterFrequency", "parallel-letter-frequency\ParallelLetterFrequency.vbproj", "{AB0AF5C1-8ACC-0D7D-0A21-FAF2D140FAA0}"
EndProject
Project("{F184B08F-C81C-45F6-A57F-5ABD9991F28F}") = "PascalsTriangle", "pascals-triangle\PascalsTriangle.vbproj", "{78978EB6-B131-0545-0D6E-B0BC8FCC1113}"
EndProject
Project("{F184B08F-C81C-45F6-A57F-5ABD9991F28F}") = "PerfectNumbers", "perfect-numbers\PerfectNumbers.vbproj", "{8B1B68C3-AC69-0FCE-350F-F2EA2F2B4AEB}"
EndProject
Project("{F184B08F-C81C-45F6-A57F-5ABD9991F28F}") = "PhoneNumber", "phone-number\PhoneNumber.vbproj", "{6A2193A6-0DC6-0492-097E-5CAC7D1D9013}"
EndProject
Project("{F184B08F-C81C-45F6-A57F-5ABD9991F28F}") = "PigLatin", "pig-latin\PigLatin.vbproj", "{54A25D97-8E3D-0E2C-3325-476CCF391DE4}"
EndProject
Project("{F184B08F-C81C-45F6-A57F-5ABD9991F28F}") = "Poker", "poker\Poker.vbproj", "{A1141CC2-C134-03D8-2668-468751798D36}"
EndProject
Project("{F184B08F-C81C-45F6-A57F-5ABD9991F28F}") = "Pov", "pov\Pov.vbproj", "{1F5086CB-68D1-0C97-2548-0F7CC172CF50}"
EndProject
Project("{F184B08F-C81C-45F6-A57F-5ABD9991F28F}") = "PrimeFactors", "prime-factors\PrimeFactors.vbproj", "{F9C00A4B-C1F3-0FE8-123A-955B67BADB83}"
EndProject
Project("{F184B08F-C81C-45F6-A57F-5ABD9991F28F}") = "ProteinTranslation", "protein-translation\ProteinTranslation.vbproj", "{C1C8C110-9771-079A-2222-FE232A9B9CD3}"
EndProject
Project("{F184B08F-C81C-45F6-A57F-5ABD9991F28F}") = "Proverb", "proverb\Proverb.vbproj", "{3CBA0BE0-B036-0577-0844-20A3F8A344A2}"
EndProject
Project("{F184B08F-C81C-45F6-A57F-5ABD9991F28F}") = "PythagoreanTriplet", "pythagorean-triplet\PythagoreanTriplet.vbproj", "{7C136F81-16AF-0896-3B69-D80A7C55C937}"
EndProject
Project("{F184B08F-C81C-45F6-A57F-5ABD9991F28F}") = "QueenAttack", "queen-attack\QueenAttack.vbproj", "{89036785-BD6D-0F2F-2204-B554602B818B}"
EndProject
Project("{F184B08F-C81C-45F6-A57F-5ABD9991F28F}") = "RailFenceCipher", "rail-fence-cipher\RailFenceCipher.vbproj", "{44C21C4B-686A-03CB-2479-39B32522F730}"
EndProject
Project("{F184B08F-C81C-45F6-A57F-5ABD9991F28F}") = "Raindrops", "raindrops\Raindrops.vbproj", "{5B6C5307-AA60-07A5-04CE-F3B08E8F9A3E}"
EndProject
Project("{F184B08F-C81C-45F6-A57F-5ABD9991F28F}") = "RationalNumbers", "rational-numbers\RationalNumbers.vbproj", "{9D653029-F417-00DB-2026-FBF6EB932F7D}"
EndProject
Project("{F184B08F-C81C-45F6-A57F-5ABD9991F28F}") = "React", "react\React.vbproj", "{C0273CDD-2416-0613-3540-DB1930D68467}"
EndProject
Project("{F184B08F-C81C-45F6-A57F-5ABD9991F28F}") = "Rectangles", "rectangles\Rectangles.vbproj", "{EC9E6AA1-D273-03B8-2ADC-BAC6DF615917}"
EndProject
Project("{F184B08F-C81C-45F6-A57F-5ABD9991F28F}") = "ResistorColor", "resistor-color\ResistorColor.vbproj", "{A6E1DDC3-FFBD-0709-3A7D-02BBAAD87F3D}"
EndProject
Project("{F184B08F-C81C-45F6-A57F-5ABD9991F28F}") = "ResistorColorDuo", "resistor-color-duo\ResistorColorDuo.vbproj", "{0EE7FF59-87E5-0283-293A-4966FF2D0C6C}"
EndProject
Project("{F184B08F-C81C-45F6-A57F-5ABD9991F28F}") = "ResistorColorTrio", "resistor-color-trio\ResistorColorTrio.vbproj", "{4320F011-D51E-0C3A-3147-23A058A4D2A4}"
EndProject
Project("{F184B08F-C81C-45F6-A57F-5ABD9991F28F}") = "RestApi", "rest-api\RestApi.vbproj", "{78629765-8B98-0842-175D-94B8626AA525}"
EndProject
Project("{F184B08F-C81C-45F6-A57F-5ABD9991F28F}") = "ReverseString", "reverse-string\ReverseString.vbproj", "{EAA3F4BE-F503-004E-0390-71DD44BBF2A6}"
EndProject
Project("{F184B08F-C81C-45F6-A57F-5ABD9991F28F}") = "RnaTranscription", "rna-transcription\RnaTranscription.vbproj", "{F6ED8EFA-09F8-075D-36EC-6E37880DA3FD}"
EndProject
Project("{F184B08F-C81C-45F6-A57F-5ABD9991F28F}") = "RobotName", "robot-name\RobotName.vbproj", "{727EA9DD-8C43-0E6B-0BE0-F09E3C41007F}"
EndProject
Project("{F184B08F-C81C-45F6-A57F-5ABD9991F28F}") = "RobotSimulator", "robot-simulator\RobotSimulator.vbproj", "{5CE322B5-FE78-0A2B-3E87-2E07F7A4F97F}"
EndProject
Project("{F184B08F-C81C-45F6-A57F-5ABD9991F28F}") = "RomanNumerals", "roman-numerals\RomanNumerals.vbproj", "{F6ED4775-E65A-0830-10C3-2F118B870093}"
EndProject
Project("{F184B08F-C81C-45F6-A57F-5ABD9991F28F}") = "RotationalCipher", "rotational-cipher\RotationalCipher.vbproj", "{B7170CED-C970-0479-16EB-87352B1A5247}"
EndProject
Project("{F184B08F-C81C-45F6-A57F-5ABD9991F28F}") = "RunLengthEncoding", "run-length-encoding\RunLengthEncoding.vbproj", "{C223AF1B-BFFB-068A-23DD-E5BCD105267D}"
EndProject
Project("{F184B08F-C81C-45F6-A57F-5ABD9991F28F}") = "SaddlePoints", "saddle-points\SaddlePoints.vbproj", "{7F7F45BE-A76B-005E-01E4-D87E4A04D24C}"
EndProject
Project("{F184B08F-C81C-45F6-A57F-5ABD9991F28F}") = "Say", "say\Say.vbproj", "{2CF57D09-D35E-0CD7-2791-6E660F5CA830}"
EndProject
Project("{F184B08F-C81C-45F6-A57F-5ABD9991F28F}") = "ScaleGenerator", "scale-generator\ScaleGenerator.vbproj", "{308C9312-0E11-04FE-124C-3EBB6B4458A2}"
EndProject
Project("{F184B08F-C81C-45F6-A57F-5ABD9991F28F}") = "ScrabbleScore", "scrabble-score\ScrabbleScore.vbproj", "{D58A15D1-8241-0F76-0455-52E88D923549}"
EndProject
Project("{F184B08F-C81C-45F6-A57F-5ABD9991F28F}") = "SecretHandshake", "secret-handshake\SecretHandshake.vbproj", "{39D0F710-3ABC-0DD0-0DCF-7A2A07004BE6}"
EndProject
Project("{F184B08F-C81C-45F6-A57F-5ABD9991F28F}") = "Series", "series\Series.vbproj", "{9B66CC9D-0A8B-0693-08DE-C348FDDBFF59}"
EndProject
Project("{F184B08F-C81C-45F6-A57F-5ABD9991F28F}") = "SgfParsing", "sgf-parsing\SgfParsing.vbproj", "{C44ED6A8-3BB1-0702-0404-ADDE38C51784}"
EndProject
Project("{F184B08F-C81C-45F6-A57F-5ABD9991F28F}") = "Sieve", "sieve\Sieve.vbproj", "{4278B530-D0E1-08A7-3F77-02147040D43F}"
EndProject
Project("{F184B08F-C81C-45F6-A57F-5ABD9991F28F}") = "SimpleCipher", "simple-cipher\SimpleCipher.vbproj", "{80B5AAB6-A3A8-0045-17CE-09571969515E}"
EndProject
Project("{F184B08F-C81C-45F6-A57F-5ABD9991F28F}") = "SimpleLinkedList", "simple-linked-list\SimpleLinkedList.vbproj", "{93049A87-AFBD-0807-0FA3-D687AAF88DAE}"
EndProject
Project("{F184B08F-C81C-45F6-A57F-5ABD9991F28F}") = "SpaceAge", "space-age\SpaceAge.vbproj", "{93C37D9A-8FD1-00C4-2E66-561461A6C4CE}"
EndProject
Project("{F184B08F-C81C-45F6-A57F-5ABD9991F28F}") = "SpiralMatrix", "spiral-matrix\SpiralMatrix.vbproj", "{83475B02-70F1-0356-3399-014246565932}"
EndProject
Project("{F184B08F-C81C-45F6-A57F-5ABD9991F28F}") = "Strain", "strain\Strain.vbproj", "{DAD60BDE-ECA3-0379-35AC-7B65B2090EEA}"
EndProject
Project("{F184B08F-C81C-45F6-A57F-5ABD9991F28F}") = "Sublist", "sublist\Sublist.vbproj", "{4260A785-D876-00E6-352E-08865683005E}"
EndProject
Project("{F184B08F-C81C-45F6-A57F-5ABD9991F28F}") = "SumOfMultiples", "sum-of-multiples\SumOfMultiples.vbproj", "{B26C9346-72B7-0F8B-28D5-7BB6D8D0459B}"
EndProject
Project("{F184B08F-C81C-45F6-A57F-5ABD9991F28F}") = "Tournament", "tournament\Tournament.vbproj", "{05A265C8-733E-0739-3EEF-3DA517957947}"
EndProject
Project("{F184B08F-C81C-45F6-A57F-5ABD9991F28F}") = "Transpose", "transpose\Transpose.vbproj", "{181E1587-F694-021E-13E4-A4C11C163F7A}"
EndProject
Project("{F184B08F-C81C-45F6-A57F-5ABD9991F28F}") = "TreeBuilding", "tree-building\TreeBuilding.vbproj", "{D8ADF485-C03D-0C72-087E-470F5DAD5E26}"
EndProject
Project("{F184B08F-C81C-45F6-A57F-5ABD9991F28F}") = "Triangle", "triangle\Triangle.vbproj", "{3D85BE16-5CF0-043C-2749-FB566A941E54}"
EndProject
Project("{F184B08F-C81C-45F6-A57F-5ABD9991F28F}") = "Trinary", "trinary\Trinary.vbproj", "{5FCEAA7B-E3A4-06E8-2148-4ABC0087589B}"
EndProject
Project("{F184B08F-C81C-45F6-A57F-5ABD9991F28F}") = "TwelveDays", "twelve-days\TwelveDays.vbproj", "{CF585DC9-B465-02A6-1A1A-37C2A66DB3D7}"
EndProject
Project("{F184B08F-C81C-45F6-A57F-5ABD9991F28F}") = "TwoBucket", "two-bucket\TwoBucket.vbproj", "{EBF0F747-8271-0532-0661-7F5E06B2BC34}"
EndProject
Project("{F184B08F-C81C-45F6-A57F-5ABD9991F28F}") = "TwoFer", "two-fer\TwoFer.vbproj", "{0C39A4C8-D4B9-025C-0830-8E0DEE2700D7}"
EndProject
Project("{F184B08F-C81C-45F6-A57F-5ABD9991F28F}") = "VariableLengthQuantity", "variable-length-quantity\VariableLengthQuantity.vbproj", "{97AC2DCE-6849-042E-0903-8D572733C7B7}"
EndProject
Project("{F184B08F-C81C-45F6-A57F-5ABD9991F28F}") = "WordCount", "word-count\WordCount.vbproj", "{D612BEA0-7F16-01A8-1486-2BBD14998AAA}"
EndProject
Project("{F184B08F-C81C-45F6-A57F-5ABD9991F28F}") = "WordSearch", "word-search\WordSearch.vbproj", "{EDB1110B-8240-0EE6-233A-092D5B669B8C}"
EndProject
Project("{F184B08F-C81C-45F6-A57F-5ABD9991F28F}") = "Wordy", "wordy\Wordy.vbproj", "{406FC00D-0C0A-0965-333D-9776D7BFBE96}"
EndProject
Project("{F184B08F-C81C-45F6-A57F-5ABD9991F28F}") = "Yacht", "yacht\Yacht.vbproj", "{38D76FE2-9E66-0EC8-3235-1E6C3800BE99}"
EndProject
Project("{F184B08F-C81C-45F6-A57F-5ABD9991F28F}") = "ZebraPuzzle", "zebra-puzzle\ZebraPuzzle.vbproj", "{D6C6E050-C363-0B95-26DF-500B05B0D9E5}"
EndProject
Project("{F184B08F-C81C-45F6-A57F-5ABD9991F28F}") = "Zipper", "zipper\Zipper.vbproj", "{0AD9C02A-86DE-02FD-03AF-7E878FE09514}"
EndProject
Global
	GlobalSection(SolutionConfigurationPlatforms) = preSolution
		Debug|Any CPU = Debug|Any CPU
		Release|Any CPU = Release|Any CPU
	EndGlobalSection
	GlobalSection(SolutionProperties) = preSolution
		HideSolutionNode = FALSE
	EndGlobalSection
	GlobalSection(ProjectConfigurationPlatforms) = postSolution
		{CE9300DC-0599-05BE-0176-4D6095648288}.Debug|Any CPU.ActiveCfg = Debug|Any CPU
		{CE9300DC-0599-05BE-0176-4D6095648288}.Debug|Any CPU.Build.0 = Debug|Any CPU
		{CE9300DC-0599-05BE-0176-4D6095648288}.Release|Any CPU.ActiveCfg = Release|Any CPU
		{CE9300DC-0599-05BE-0176-4D6095648288}.Release|Any CPU.Build.0 = Release|Any CPU
		{09C3B593-0E62-02EF-346F-FD237B4B5023}.Debug|Any CPU.ActiveCfg = Debug|Any CPU
		{09C3B593-0E62-02EF-346F-FD237B4B5023}.Debug|Any CPU.Build.0 = Debug|Any CPU
		{09C3B593-0E62-02EF-346F-FD237B4B5023}.Release|Any CPU.ActiveCfg = Release|Any CPU
		{09C3B593-0E62-02EF-346F-FD237B4B5023}.Release|Any CPU.Build.0 = Release|Any CPU
		{3DA7FB9B-F6C1-0D1B-1DA7-9E7DD91FCE15}.Debug|Any CPU.ActiveCfg = Debug|Any CPU
		{3DA7FB9B-F6C1-0D1B-1DA7-9E7DD91FCE15}.Debug|Any CPU.Build.0 = Debug|Any CPU
		{3DA7FB9B-F6C1-0D1B-1DA7-9E7DD91FCE15}.Release|Any CPU.ActiveCfg = Release|Any CPU
		{3DA7FB9B-F6C1-0D1B-1DA7-9E7DD91FCE15}.Release|Any CPU.Build.0 = Release|Any CPU
		{4118CE83-3850-005A-3B57-0B9AB4A7FF01}.Debug|Any CPU.ActiveCfg = Debug|Any CPU
		{4118CE83-3850-005A-3B57-0B9AB4A7FF01}.Debug|Any CPU.Build.0 = Debug|Any CPU
		{4118CE83-3850-005A-3B57-0B9AB4A7FF01}.Release|Any CPU.ActiveCfg = Release|Any CPU
		{4118CE83-3850-005A-3B57-0B9AB4A7FF01}.Release|Any CPU.Build.0 = Release|Any CPU
		{A8868E8C-3A3F-039A-0377-E729E4E7F77C}.Debug|Any CPU.ActiveCfg = Debug|Any CPU
		{A8868E8C-3A3F-039A-0377-E729E4E7F77C}.Debug|Any CPU.Build.0 = Debug|Any CPU
		{A8868E8C-3A3F-039A-0377-E729E4E7F77C}.Release|Any CPU.ActiveCfg = Release|Any CPU
		{A8868E8C-3A3F-039A-0377-E729E4E7F77C}.Release|Any CPU.Build.0 = Release|Any CPU
		{D5AEBE6C-5A6C-0E8A-280C-EF4FA17B7642}.Debug|Any CPU.ActiveCfg = Debug|Any CPU
		{D5AEBE6C-5A6C-0E8A-280C-EF4FA17B7642}.Debug|Any CPU.Build.0 = Debug|Any CPU
		{D5AEBE6C-5A6C-0E8A-280C-EF4FA17B7642}.Release|Any CPU.ActiveCfg = Release|Any CPU
		{D5AEBE6C-5A6C-0E8A-280C-EF4FA17B7642}.Release|Any CPU.Build.0 = Release|Any CPU
		{75EF5773-CFE4-08C1-1CC2-B6009D9E296E}.Debug|Any CPU.ActiveCfg = Debug|Any CPU
		{75EF5773-CFE4-08C1-1CC2-B6009D9E296E}.Debug|Any CPU.Build.0 = Debug|Any CPU
		{75EF5773-CFE4-08C1-1CC2-B6009D9E296E}.Release|Any CPU.ActiveCfg = Release|Any CPU
		{75EF5773-CFE4-08C1-1CC2-B6009D9E296E}.Release|Any CPU.Build.0 = Release|Any CPU
		{AF10D53D-7F15-0075-03EC-4982EF7ACB31}.Debug|Any CPU.ActiveCfg = Debug|Any CPU
		{AF10D53D-7F15-0075-03EC-4982EF7ACB31}.Debug|Any CPU.Build.0 = Debug|Any CPU
		{AF10D53D-7F15-0075-03EC-4982EF7ACB31}.Release|Any CPU.ActiveCfg = Release|Any CPU
		{AF10D53D-7F15-0075-03EC-4982EF7ACB31}.Release|Any CPU.Build.0 = Release|Any CPU
		{1036CA36-B6AE-0C76-3A7A-224DB15C6332}.Debug|Any CPU.ActiveCfg = Debug|Any CPU
		{1036CA36-B6AE-0C76-3A7A-224DB15C6332}.Debug|Any CPU.Build.0 = Debug|Any CPU
		{1036CA36-B6AE-0C76-3A7A-224DB15C6332}.Release|Any CPU.ActiveCfg = Release|Any CPU
		{1036CA36-B6AE-0C76-3A7A-224DB15C6332}.Release|Any CPU.Build.0 = Release|Any CPU
		{721DE811-CC98-0DDA-0849-F73D15BDD393}.Debug|Any CPU.ActiveCfg = Debug|Any CPU
		{721DE811-CC98-0DDA-0849-F73D15BDD393}.Debug|Any CPU.Build.0 = Debug|Any CPU
		{721DE811-CC98-0DDA-0849-F73D15BDD393}.Release|Any CPU.ActiveCfg = Release|Any CPU
		{721DE811-CC98-0DDA-0849-F73D15BDD393}.Release|Any CPU.Build.0 = Release|Any CPU
		{CDDE05AA-99F7-00A3-17A4-7BD9EE3DE359}.Debug|Any CPU.ActiveCfg = Debug|Any CPU
		{CDDE05AA-99F7-00A3-17A4-7BD9EE3DE359}.Debug|Any CPU.Build.0 = Debug|Any CPU
		{CDDE05AA-99F7-00A3-17A4-7BD9EE3DE359}.Release|Any CPU.ActiveCfg = Release|Any CPU
		{CDDE05AA-99F7-00A3-17A4-7BD9EE3DE359}.Release|Any CPU.Build.0 = Release|Any CPU
		{D97B9705-82B3-08DC-3CA5-4A016F4F3024}.Debug|Any CPU.ActiveCfg = Debug|Any CPU
		{D97B9705-82B3-08DC-3CA5-4A016F4F3024}.Debug|Any CPU.Build.0 = Debug|Any CPU
		{D97B9705-82B3-08DC-3CA5-4A016F4F3024}.Release|Any CPU.ActiveCfg = Release|Any CPU
		{D97B9705-82B3-08DC-3CA5-4A016F4F3024}.Release|Any CPU.Build.0 = Release|Any CPU
		{BB6521F1-56AC-0BC7-238A-7D9497A1F875}.Debug|Any CPU.ActiveCfg = Debug|Any CPU
		{BB6521F1-56AC-0BC7-238A-7D9497A1F875}.Debug|Any CPU.Build.0 = Debug|Any CPU
		{BB6521F1-56AC-0BC7-238A-7D9497A1F875}.Release|Any CPU.ActiveCfg = Release|Any CPU
		{BB6521F1-56AC-0BC7-238A-7D9497A1F875}.Release|Any CPU.Build.0 = Release|Any CPU
		{38150563-6ADE-4B51-95D8-41254848629F}.Debug|Any CPU.ActiveCfg = Debug|Any CPU
		{38150563-6ADE-4B51-95D8-41254848629F}.Debug|Any CPU.Build.0 = Debug|Any CPU
		{38150563-6ADE-4B51-95D8-41254848629F}.Release|Any CPU.ActiveCfg = Release|Any CPU
		{38150563-6ADE-4B51-95D8-41254848629F}.Release|Any CPU.Build.0 = Release|Any CPU
		{B85ABD0B-C363-0732-1CD6-EB28333185AC}.Debug|Any CPU.ActiveCfg = Debug|Any CPU
		{B85ABD0B-C363-0732-1CD6-EB28333185AC}.Debug|Any CPU.Build.0 = Debug|Any CPU
		{B85ABD0B-C363-0732-1CD6-EB28333185AC}.Release|Any CPU.ActiveCfg = Release|Any CPU
		{B85ABD0B-C363-0732-1CD6-EB28333185AC}.Release|Any CPU.Build.0 = Release|Any CPU
		{51023AEA-CCAA-0CD0-059C-B61572637D1C}.Debug|Any CPU.ActiveCfg = Debug|Any CPU
		{51023AEA-CCAA-0CD0-059C-B61572637D1C}.Debug|Any CPU.Build.0 = Debug|Any CPU
		{51023AEA-CCAA-0CD0-059C-B61572637D1C}.Release|Any CPU.ActiveCfg = Release|Any CPU
		{51023AEA-CCAA-0CD0-059C-B61572637D1C}.Release|Any CPU.Build.0 = Release|Any CPU
		{77DED585-92EA-0CB5-1350-485669DE6509}.Debug|Any CPU.ActiveCfg = Debug|Any CPU
		{77DED585-92EA-0CB5-1350-485669DE6509}.Debug|Any CPU.Build.0 = Debug|Any CPU
		{77DED585-92EA-0CB5-1350-485669DE6509}.Release|Any CPU.ActiveCfg = Release|Any CPU
		{77DED585-92EA-0CB5-1350-485669DE6509}.Release|Any CPU.Build.0 = Release|Any CPU
		{508A117F-C162-0E09-2097-0B37D9E0AA13}.Debug|Any CPU.ActiveCfg = Debug|Any CPU
		{508A117F-C162-0E09-2097-0B37D9E0AA13}.Debug|Any CPU.Build.0 = Debug|Any CPU
		{508A117F-C162-0E09-2097-0B37D9E0AA13}.Release|Any CPU.ActiveCfg = Release|Any CPU
		{508A117F-C162-0E09-2097-0B37D9E0AA13}.Release|Any CPU.Build.0 = Release|Any CPU
		{69D6AF62-9271-0BCA-386F-27E2EF3B164C}.Debug|Any CPU.ActiveCfg = Debug|Any CPU
		{69D6AF62-9271-0BCA-386F-27E2EF3B164C}.Debug|Any CPU.Build.0 = Debug|Any CPU
		{69D6AF62-9271-0BCA-386F-27E2EF3B164C}.Release|Any CPU.ActiveCfg = Release|Any CPU
		{69D6AF62-9271-0BCA-386F-27E2EF3B164C}.Release|Any CPU.Build.0 = Release|Any CPU
		{1ABFF4B2-124C-0075-3BF5-D802E7DD2026}.Debug|Any CPU.ActiveCfg = Debug|Any CPU
		{1ABFF4B2-124C-0075-3BF5-D802E7DD2026}.Debug|Any CPU.Build.0 = Debug|Any CPU
		{1ABFF4B2-124C-0075-3BF5-D802E7DD2026}.Release|Any CPU.ActiveCfg = Release|Any CPU
		{1ABFF4B2-124C-0075-3BF5-D802E7DD2026}.Release|Any CPU.Build.0 = Release|Any CPU
		{B4D11A13-732A-071F-233F-EEBB366A80FD}.Debug|Any CPU.ActiveCfg = Debug|Any CPU
		{B4D11A13-732A-071F-233F-EEBB366A80FD}.Debug|Any CPU.Build.0 = Debug|Any CPU
		{B4D11A13-732A-071F-233F-EEBB366A80FD}.Release|Any CPU.ActiveCfg = Release|Any CPU
		{B4D11A13-732A-071F-233F-EEBB366A80FD}.Release|Any CPU.Build.0 = Release|Any CPU
		{2FC662AF-C5FA-040D-3CB7-81E44759A330}.Debug|Any CPU.ActiveCfg = Debug|Any CPU
		{2FC662AF-C5FA-040D-3CB7-81E44759A330}.Debug|Any CPU.Build.0 = Debug|Any CPU
		{2FC662AF-C5FA-040D-3CB7-81E44759A330}.Release|Any CPU.ActiveCfg = Release|Any CPU
		{2FC662AF-C5FA-040D-3CB7-81E44759A330}.Release|Any CPU.Build.0 = Release|Any CPU
		{87AB7CBB-5219-0B7A-10FA-B27065101A23}.Debug|Any CPU.ActiveCfg = Debug|Any CPU
		{87AB7CBB-5219-0B7A-10FA-B27065101A23}.Debug|Any CPU.Build.0 = Debug|Any CPU
		{87AB7CBB-5219-0B7A-10FA-B27065101A23}.Release|Any CPU.ActiveCfg = Release|Any CPU
		{87AB7CBB-5219-0B7A-10FA-B27065101A23}.Release|Any CPU.Build.0 = Release|Any CPU
		{EF5DF6B4-8800-07B9-268E-1FFF7DBDDC4E}.Debug|Any CPU.ActiveCfg = Debug|Any CPU
		{EF5DF6B4-8800-07B9-268E-1FFF7DBDDC4E}.Debug|Any CPU.Build.0 = Debug|Any CPU
		{EF5DF6B4-8800-07B9-268E-1FFF7DBDDC4E}.Release|Any CPU.ActiveCfg = Release|Any CPU
		{EF5DF6B4-8800-07B9-268E-1FFF7DBDDC4E}.Release|Any CPU.Build.0 = Release|Any CPU
		{6B7446A3-BBF5-0E14-273B-6FBE7DB87FC9}.Debug|Any CPU.ActiveCfg = Debug|Any CPU
		{6B7446A3-BBF5-0E14-273B-6FBE7DB87FC9}.Debug|Any CPU.Build.0 = Debug|Any CPU
		{6B7446A3-BBF5-0E14-273B-6FBE7DB87FC9}.Release|Any CPU.ActiveCfg = Release|Any CPU
		{6B7446A3-BBF5-0E14-273B-6FBE7DB87FC9}.Release|Any CPU.Build.0 = Release|Any CPU
		{E0A62A47-37FD-0036-3AF1-213C821D230B}.Debug|Any CPU.ActiveCfg = Debug|Any CPU
		{E0A62A47-37FD-0036-3AF1-213C821D230B}.Debug|Any CPU.Build.0 = Debug|Any CPU
		{E0A62A47-37FD-0036-3AF1-213C821D230B}.Release|Any CPU.ActiveCfg = Release|Any CPU
		{E0A62A47-37FD-0036-3AF1-213C821D230B}.Release|Any CPU.Build.0 = Release|Any CPU
		{E71ED49E-F53A-0CB9-013C-FE3949871C55}.Debug|Any CPU.ActiveCfg = Debug|Any CPU
		{E71ED49E-F53A-0CB9-013C-FE3949871C55}.Debug|Any CPU.Build.0 = Debug|Any CPU
		{E71ED49E-F53A-0CB9-013C-FE3949871C55}.Release|Any CPU.ActiveCfg = Release|Any CPU
		{E71ED49E-F53A-0CB9-013C-FE3949871C55}.Release|Any CPU.Build.0 = Release|Any CPU
		{A33F5651-0984-08B0-2418-CB5937FC5B7A}.Debug|Any CPU.ActiveCfg = Debug|Any CPU
		{A33F5651-0984-08B0-2418-CB5937FC5B7A}.Debug|Any CPU.Build.0 = Debug|Any CPU
		{A33F5651-0984-08B0-2418-CB5937FC5B7A}.Release|Any CPU.ActiveCfg = Release|Any CPU
		{A33F5651-0984-08B0-2418-CB5937FC5B7A}.Release|Any CPU.Build.0 = Release|Any CPU
		{9D6E11A2-9CA0-03C9-1E55-C9199DC5D00C}.Debug|Any CPU.ActiveCfg = Debug|Any CPU
		{9D6E11A2-9CA0-03C9-1E55-C9199DC5D00C}.Debug|Any CPU.Build.0 = Debug|Any CPU
		{9D6E11A2-9CA0-03C9-1E55-C9199DC5D00C}.Release|Any CPU.ActiveCfg = Release|Any CPU
		{9D6E11A2-9CA0-03C9-1E55-C9199DC5D00C}.Release|Any CPU.Build.0 = Release|Any CPU
		{5B17EA35-E7A4-0B96-08D4-4F76B0B903EA}.Debug|Any CPU.ActiveCfg = Debug|Any CPU
		{5B17EA35-E7A4-0B96-08D4-4F76B0B903EA}.Debug|Any CPU.Build.0 = Debug|Any CPU
		{5B17EA35-E7A4-0B96-08D4-4F76B0B903EA}.Release|Any CPU.ActiveCfg = Release|Any CPU
		{5B17EA35-E7A4-0B96-08D4-4F76B0B903EA}.Release|Any CPU.Build.0 = Release|Any CPU
		{9B111DA7-B383-03A2-3392-9FEAB4D860F5}.Debug|Any CPU.ActiveCfg = Debug|Any CPU
		{9B111DA7-B383-03A2-3392-9FEAB4D860F5}.Debug|Any CPU.Build.0 = Debug|Any CPU
		{9B111DA7-B383-03A2-3392-9FEAB4D860F5}.Release|Any CPU.ActiveCfg = Release|Any CPU
		{9B111DA7-B383-03A2-3392-9FEAB4D860F5}.Release|Any CPU.Build.0 = Release|Any CPU
		{FE55EED9-5F92-031D-2BE5-7783179C8B5C}.Debug|Any CPU.ActiveCfg = Debug|Any CPU
		{FE55EED9-5F92-031D-2BE5-7783179C8B5C}.Debug|Any CPU.Build.0 = Debug|Any CPU
		{FE55EED9-5F92-031D-2BE5-7783179C8B5C}.Release|Any CPU.ActiveCfg = Release|Any CPU
		{FE55EED9-5F92-031D-2BE5-7783179C8B5C}.Release|Any CPU.Build.0 = Release|Any CPU
		{972D4EB3-F1DF-095B-3E93-EA6ACAA767FE}.Debug|Any CPU.ActiveCfg = Debug|Any CPU
		{972D4EB3-F1DF-095B-3E93-EA6ACAA767FE}.Debug|Any CPU.Build.0 = Debug|Any CPU
		{972D4EB3-F1DF-095B-3E93-EA6ACAA767FE}.Release|Any CPU.ActiveCfg = Release|Any CPU
		{972D4EB3-F1DF-095B-3E93-EA6ACAA767FE}.Release|Any CPU.Build.0 = Release|Any CPU
		{B889CF49-70A8-0B5F-1940-05A6AC8E7609}.Debug|Any CPU.ActiveCfg = Debug|Any CPU
		{B889CF49-70A8-0B5F-1940-05A6AC8E7609}.Debug|Any CPU.Build.0 = Debug|Any CPU
		{B889CF49-70A8-0B5F-1940-05A6AC8E7609}.Release|Any CPU.ActiveCfg = Release|Any CPU
		{B889CF49-70A8-0B5F-1940-05A6AC8E7609}.Release|Any CPU.Build.0 = Release|Any CPU
		{8EADC2FB-7575-0486-2E5E-4F73EEC85AA8}.Debug|Any CPU.ActiveCfg = Debug|Any CPU
		{8EADC2FB-7575-0486-2E5E-4F73EEC85AA8}.Debug|Any CPU.Build.0 = Debug|Any CPU
		{8EADC2FB-7575-0486-2E5E-4F73EEC85AA8}.Release|Any CPU.ActiveCfg = Release|Any CPU
		{8EADC2FB-7575-0486-2E5E-4F73EEC85AA8}.Release|Any CPU.Build.0 = Release|Any CPU
		{23042E11-6404-0581-2C57-CBA7F96208D2}.Debug|Any CPU.ActiveCfg = Debug|Any CPU
		{23042E11-6404-0581-2C57-CBA7F96208D2}.Debug|Any CPU.Build.0 = Debug|Any CPU
		{23042E11-6404-0581-2C57-CBA7F96208D2}.Release|Any CPU.ActiveCfg = Release|Any CPU
		{23042E11-6404-0581-2C57-CBA7F96208D2}.Release|Any CPU.Build.0 = Release|Any CPU
		{D7172377-C83B-096A-118B-1786594A97AB}.Debug|Any CPU.ActiveCfg = Debug|Any CPU
		{D7172377-C83B-096A-118B-1786594A97AB}.Debug|Any CPU.Build.0 = Debug|Any CPU
		{D7172377-C83B-096A-118B-1786594A97AB}.Release|Any CPU.ActiveCfg = Release|Any CPU
		{D7172377-C83B-096A-118B-1786594A97AB}.Release|Any CPU.Build.0 = Release|Any CPU
		{57EDAC92-8C07-0B00-07F4-02263F7921C9}.Debug|Any CPU.ActiveCfg = Debug|Any CPU
		{57EDAC92-8C07-0B00-07F4-02263F7921C9}.Debug|Any CPU.Build.0 = Debug|Any CPU
		{57EDAC92-8C07-0B00-07F4-02263F7921C9}.Release|Any CPU.ActiveCfg = Release|Any CPU
		{57EDAC92-8C07-0B00-07F4-02263F7921C9}.Release|Any CPU.Build.0 = Release|Any CPU
		{D9DF6FAC-A7CF-054D-1F70-73EB6DFEBA2C}.Debug|Any CPU.ActiveCfg = Debug|Any CPU
		{D9DF6FAC-A7CF-054D-1F70-73EB6DFEBA2C}.Debug|Any CPU.Build.0 = Debug|Any CPU
		{D9DF6FAC-A7CF-054D-1F70-73EB6DFEBA2C}.Release|Any CPU.ActiveCfg = Release|Any CPU
		{D9DF6FAC-A7CF-054D-1F70-73EB6DFEBA2C}.Release|Any CPU.Build.0 = Release|Any CPU
		{6B4B8EAC-5B6A-0F9A-211E-4C07BFAF428E}.Debug|Any CPU.ActiveCfg = Debug|Any CPU
		{6B4B8EAC-5B6A-0F9A-211E-4C07BFAF428E}.Debug|Any CPU.Build.0 = Debug|Any CPU
		{6B4B8EAC-5B6A-0F9A-211E-4C07BFAF428E}.Release|Any CPU.ActiveCfg = Release|Any CPU
		{6B4B8EAC-5B6A-0F9A-211E-4C07BFAF428E}.Release|Any CPU.Build.0 = Release|Any CPU
		{4038FCEF-418C-0E3B-300D-29C940DAAF08}.Debug|Any CPU.ActiveCfg = Debug|Any CPU
		{4038FCEF-418C-0E3B-300D-29C940DAAF08}.Debug|Any CPU.Build.0 = Debug|Any CPU
		{4038FCEF-418C-0E3B-300D-29C940DAAF08}.Release|Any CPU.ActiveCfg = Release|Any CPU
		{4038FCEF-418C-0E3B-300D-29C940DAAF08}.Release|Any CPU.Build.0 = Release|Any CPU
		{16146FCB-D811-00B1-3C58-B38C611D7596}.Debug|Any CPU.ActiveCfg = Debug|Any CPU
		{16146FCB-D811-00B1-3C58-B38C611D7596}.Debug|Any CPU.Build.0 = Debug|Any CPU
		{16146FCB-D811-00B1-3C58-B38C611D7596}.Release|Any CPU.ActiveCfg = Release|Any CPU
		{16146FCB-D811-00B1-3C58-B38C611D7596}.Release|Any CPU.Build.0 = Release|Any CPU
		{8D482D20-5D54-060B-3CF7-3960D9DFC846}.Debug|Any CPU.ActiveCfg = Debug|Any CPU
		{8D482D20-5D54-060B-3CF7-3960D9DFC846}.Debug|Any CPU.Build.0 = Debug|Any CPU
		{8D482D20-5D54-060B-3CF7-3960D9DFC846}.Release|Any CPU.ActiveCfg = Release|Any CPU
		{8D482D20-5D54-060B-3CF7-3960D9DFC846}.Release|Any CPU.Build.0 = Release|Any CPU
		{37955188-5E9D-0294-264A-7A155EDA0044}.Debug|Any CPU.ActiveCfg = Debug|Any CPU
		{37955188-5E9D-0294-264A-7A155EDA0044}.Debug|Any CPU.Build.0 = Debug|Any CPU
		{37955188-5E9D-0294-264A-7A155EDA0044}.Release|Any CPU.ActiveCfg = Release|Any CPU
		{37955188-5E9D-0294-264A-7A155EDA0044}.Release|Any CPU.Build.0 = Release|Any CPU
		{D96A5B62-2F6A-01FC-3D90-C5FB6E0A3532}.Debug|Any CPU.ActiveCfg = Debug|Any CPU
		{D96A5B62-2F6A-01FC-3D90-C5FB6E0A3532}.Debug|Any CPU.Build.0 = Debug|Any CPU
		{D96A5B62-2F6A-01FC-3D90-C5FB6E0A3532}.Release|Any CPU.ActiveCfg = Release|Any CPU
		{D96A5B62-2F6A-01FC-3D90-C5FB6E0A3532}.Release|Any CPU.Build.0 = Release|Any CPU
		{ED911EF1-1BA7-0A7A-340A-838F2D22A9F3}.Debug|Any CPU.ActiveCfg = Debug|Any CPU
		{ED911EF1-1BA7-0A7A-340A-838F2D22A9F3}.Debug|Any CPU.Build.0 = Debug|Any CPU
		{ED911EF1-1BA7-0A7A-340A-838F2D22A9F3}.Release|Any CPU.ActiveCfg = Release|Any CPU
		{ED911EF1-1BA7-0A7A-340A-838F2D22A9F3}.Release|Any CPU.Build.0 = Release|Any CPU
		{2FD51F4E-BCE7-0E51-2E18-DB1D2922542D}.Debug|Any CPU.ActiveCfg = Debug|Any CPU
		{2FD51F4E-BCE7-0E51-2E18-DB1D2922542D}.Debug|Any CPU.Build.0 = Debug|Any CPU
		{2FD51F4E-BCE7-0E51-2E18-DB1D2922542D}.Release|Any CPU.ActiveCfg = Release|Any CPU
		{2FD51F4E-BCE7-0E51-2E18-DB1D2922542D}.Release|Any CPU.Build.0 = Release|Any CPU
		{AEA3DF1F-BACE-04D9-222E-17E910681E92}.Debug|Any CPU.ActiveCfg = Debug|Any CPU
		{AEA3DF1F-BACE-04D9-222E-17E910681E92}.Debug|Any CPU.Build.0 = Debug|Any CPU
		{AEA3DF1F-BACE-04D9-222E-17E910681E92}.Release|Any CPU.ActiveCfg = Release|Any CPU
		{AEA3DF1F-BACE-04D9-222E-17E910681E92}.Release|Any CPU.Build.0 = Release|Any CPU
		{9F6F9207-E5CE-00C2-02E4-2276112C69E8}.Debug|Any CPU.ActiveCfg = Debug|Any CPU
		{9F6F9207-E5CE-00C2-02E4-2276112C69E8}.Debug|Any CPU.Build.0 = Debug|Any CPU
		{9F6F9207-E5CE-00C2-02E4-2276112C69E8}.Release|Any CPU.ActiveCfg = Release|Any CPU
		{9F6F9207-E5CE-00C2-02E4-2276112C69E8}.Release|Any CPU.Build.0 = Release|Any CPU
		{BDBC64B2-002C-0D89-24FE-EAEA5133E1EC}.Debug|Any CPU.ActiveCfg = Debug|Any CPU
		{BDBC64B2-002C-0D89-24FE-EAEA5133E1EC}.Debug|Any CPU.Build.0 = Debug|Any CPU
		{BDBC64B2-002C-0D89-24FE-EAEA5133E1EC}.Release|Any CPU.ActiveCfg = Release|Any CPU
		{BDBC64B2-002C-0D89-24FE-EAEA5133E1EC}.Release|Any CPU.Build.0 = Release|Any CPU
		{A52513C1-247B-0D77-177D-8BC3FA1E966D}.Debug|Any CPU.ActiveCfg = Debug|Any CPU
		{A52513C1-247B-0D77-177D-8BC3FA1E966D}.Debug|Any CPU.Build.0 = Debug|Any CPU
		{A52513C1-247B-0D77-177D-8BC3FA1E966D}.Release|Any CPU.ActiveCfg = Release|Any CPU
		{A52513C1-247B-0D77-177D-8BC3FA1E966D}.Release|Any CPU.Build.0 = Release|Any CPU
		{70601F3F-866A-0FEE-0623-0C41C4F98C9C}.Debug|Any CPU.ActiveCfg = Debug|Any CPU
		{70601F3F-866A-0FEE-0623-0C41C4F98C9C}.Debug|Any CPU.Build.0 = Debug|Any CPU
		{70601F3F-866A-0FEE-0623-0C41C4F98C9C}.Release|Any CPU.ActiveCfg = Release|Any CPU
		{70601F3F-866A-0FEE-0623-0C41C4F98C9C}.Release|Any CPU.Build.0 = Release|Any CPU
		{624FE497-D9BF-04A2-39E7-3E3F3FF59C60}.Debug|Any CPU.ActiveCfg = Debug|Any CPU
		{624FE497-D9BF-04A2-39E7-3E3F3FF59C60}.Debug|Any CPU.Build.0 = Debug|Any CPU
		{624FE497-D9BF-04A2-39E7-3E3F3FF59C60}.Release|Any CPU.ActiveCfg = Release|Any CPU
		{624FE497-D9BF-04A2-39E7-3E3F3FF59C60}.Release|Any CPU.Build.0 = Release|Any CPU
		{BD4D18C7-B1F9-0F16-2CCB-26547119F919}.Debug|Any CPU.ActiveCfg = Debug|Any CPU
		{BD4D18C7-B1F9-0F16-2CCB-26547119F919}.Debug|Any CPU.Build.0 = Debug|Any CPU
		{BD4D18C7-B1F9-0F16-2CCB-26547119F919}.Release|Any CPU.ActiveCfg = Release|Any CPU
		{BD4D18C7-B1F9-0F16-2CCB-26547119F919}.Release|Any CPU.Build.0 = Release|Any CPU
		{3FF00834-C9F4-047F-28BC-E5F23DBD8146}.Debug|Any CPU.ActiveCfg = Debug|Any CPU
		{3FF00834-C9F4-047F-28BC-E5F23DBD8146}.Debug|Any CPU.Build.0 = Debug|Any CPU
		{3FF00834-C9F4-047F-28BC-E5F23DBD8146}.Release|Any CPU.ActiveCfg = Release|Any CPU
		{3FF00834-C9F4-047F-28BC-E5F23DBD8146}.Release|Any CPU.Build.0 = Release|Any CPU
		{DED8EEBD-664E-0138-269B-01A27AF1A8B8}.Debug|Any CPU.ActiveCfg = Debug|Any CPU
		{DED8EEBD-664E-0138-269B-01A27AF1A8B8}.Debug|Any CPU.Build.0 = Debug|Any CPU
		{DED8EEBD-664E-0138-269B-01A27AF1A8B8}.Release|Any CPU.ActiveCfg = Release|Any CPU
		{DED8EEBD-664E-0138-269B-01A27AF1A8B8}.Release|Any CPU.Build.0 = Release|Any CPU
		{21380481-CD4D-040A-3F56-89D6463255FA}.Debug|Any CPU.ActiveCfg = Debug|Any CPU
		{21380481-CD4D-040A-3F56-89D6463255FA}.Debug|Any CPU.Build.0 = Debug|Any CPU
		{21380481-CD4D-040A-3F56-89D6463255FA}.Release|Any CPU.ActiveCfg = Release|Any CPU
		{21380481-CD4D-040A-3F56-89D6463255FA}.Release|Any CPU.Build.0 = Release|Any CPU
		{149A2C2A-06E0-0371-14A2-1CEE1E4AC967}.Debug|Any CPU.ActiveCfg = Debug|Any CPU
		{149A2C2A-06E0-0371-14A2-1CEE1E4AC967}.Debug|Any CPU.Build.0 = Debug|Any CPU
		{149A2C2A-06E0-0371-14A2-1CEE1E4AC967}.Release|Any CPU.ActiveCfg = Release|Any CPU
		{149A2C2A-06E0-0371-14A2-1CEE1E4AC967}.Release|Any CPU.Build.0 = Release|Any CPU
		{F524E32B-A9A1-0195-30C6-37BD3762E3CE}.Debug|Any CPU.ActiveCfg = Debug|Any CPU
		{F524E32B-A9A1-0195-30C6-37BD3762E3CE}.Debug|Any CPU.Build.0 = Debug|Any CPU
		{F524E32B-A9A1-0195-30C6-37BD3762E3CE}.Release|Any CPU.ActiveCfg = Release|Any CPU
		{F524E32B-A9A1-0195-30C6-37BD3762E3CE}.Release|Any CPU.Build.0 = Release|Any CPU
		{B0A8AD8C-81F3-049D-143F-DF36494D366D}.Debug|Any CPU.ActiveCfg = Debug|Any CPU
		{B0A8AD8C-81F3-049D-143F-DF36494D366D}.Debug|Any CPU.Build.0 = Debug|Any CPU
		{B0A8AD8C-81F3-049D-143F-DF36494D366D}.Release|Any CPU.ActiveCfg = Release|Any CPU
		{B0A8AD8C-81F3-049D-143F-DF36494D366D}.Release|Any CPU.Build.0 = Release|Any CPU
		{CA0A01AE-DB56-0783-2B8E-A808E8ECEF6E}.Debug|Any CPU.ActiveCfg = Debug|Any CPU
		{CA0A01AE-DB56-0783-2B8E-A808E8ECEF6E}.Debug|Any CPU.Build.0 = Debug|Any CPU
		{CA0A01AE-DB56-0783-2B8E-A808E8ECEF6E}.Release|Any CPU.ActiveCfg = Release|Any CPU
		{CA0A01AE-DB56-0783-2B8E-A808E8ECEF6E}.Release|Any CPU.Build.0 = Release|Any CPU
		{CE82DB2C-E43C-0768-0D7E-DF1C840E3029}.Debug|Any CPU.ActiveCfg = Debug|Any CPU
		{CE82DB2C-E43C-0768-0D7E-DF1C840E3029}.Debug|Any CPU.Build.0 = Debug|Any CPU
		{CE82DB2C-E43C-0768-0D7E-DF1C840E3029}.Release|Any CPU.ActiveCfg = Release|Any CPU
		{CE82DB2C-E43C-0768-0D7E-DF1C840E3029}.Release|Any CPU.Build.0 = Release|Any CPU
		{F72030A9-7A79-0D5B-0540-2A2C89C0F3F8}.Debug|Any CPU.ActiveCfg = Debug|Any CPU
		{F72030A9-7A79-0D5B-0540-2A2C89C0F3F8}.Debug|Any CPU.Build.0 = Debug|Any CPU
		{F72030A9-7A79-0D5B-0540-2A2C89C0F3F8}.Release|Any CPU.ActiveCfg = Release|Any CPU
		{F72030A9-7A79-0D5B-0540-2A2C89C0F3F8}.Release|Any CPU.Build.0 = Release|Any CPU
		{434C22C1-D615-07B9-1875-9686BA056613}.Debug|Any CPU.ActiveCfg = Debug|Any CPU
		{434C22C1-D615-07B9-1875-9686BA056613}.Debug|Any CPU.Build.0 = Debug|Any CPU
		{434C22C1-D615-07B9-1875-9686BA056613}.Release|Any CPU.ActiveCfg = Release|Any CPU
		{434C22C1-D615-07B9-1875-9686BA056613}.Release|Any CPU.Build.0 = Release|Any CPU
		{1BE8C39A-D472-0760-12DB-755512BD5C13}.Debug|Any CPU.ActiveCfg = Debug|Any CPU
		{1BE8C39A-D472-0760-12DB-755512BD5C13}.Debug|Any CPU.Build.0 = Debug|Any CPU
		{1BE8C39A-D472-0760-12DB-755512BD5C13}.Release|Any CPU.ActiveCfg = Release|Any CPU
		{1BE8C39A-D472-0760-12DB-755512BD5C13}.Release|Any CPU.Build.0 = Release|Any CPU
		{1936A351-237D-0A78-368D-95CF04804DC3}.Debug|Any CPU.ActiveCfg = Debug|Any CPU
		{1936A351-237D-0A78-368D-95CF04804DC3}.Debug|Any CPU.Build.0 = Debug|Any CPU
		{1936A351-237D-0A78-368D-95CF04804DC3}.Release|Any CPU.ActiveCfg = Release|Any CPU
		{1936A351-237D-0A78-368D-95CF04804DC3}.Release|Any CPU.Build.0 = Release|Any CPU
		{FCEB8F01-3657-0EDD-37BB-6A26516E3433}.Debug|Any CPU.ActiveCfg = Debug|Any CPU
		{FCEB8F01-3657-0EDD-37BB-6A26516E3433}.Debug|Any CPU.Build.0 = Debug|Any CPU
		{FCEB8F01-3657-0EDD-37BB-6A26516E3433}.Release|Any CPU.ActiveCfg = Release|Any CPU
		{FCEB8F01-3657-0EDD-37BB-6A26516E3433}.Release|Any CPU.Build.0 = Release|Any CPU
		{2D3445EA-D7DB-00F3-38F0-EDEEFB686D39}.Debug|Any CPU.ActiveCfg = Debug|Any CPU
		{2D3445EA-D7DB-00F3-38F0-EDEEFB686D39}.Debug|Any CPU.Build.0 = Debug|Any CPU
		{2D3445EA-D7DB-00F3-38F0-EDEEFB686D39}.Release|Any CPU.ActiveCfg = Release|Any CPU
		{2D3445EA-D7DB-00F3-38F0-EDEEFB686D39}.Release|Any CPU.Build.0 = Release|Any CPU
		{AB0AF5C1-8ACC-0D7D-0A21-FAF2D140FAA0}.Debug|Any CPU.ActiveCfg = Debug|Any CPU
		{AB0AF5C1-8ACC-0D7D-0A21-FAF2D140FAA0}.Debug|Any CPU.Build.0 = Debug|Any CPU
		{AB0AF5C1-8ACC-0D7D-0A21-FAF2D140FAA0}.Release|Any CPU.ActiveCfg = Release|Any CPU
		{AB0AF5C1-8ACC-0D7D-0A21-FAF2D140FAA0}.Release|Any CPU.Build.0 = Release|Any CPU
		{78978EB6-B131-0545-0D6E-B0BC8FCC1113}.Debug|Any CPU.ActiveCfg = Debug|Any CPU
		{78978EB6-B131-0545-0D6E-B0BC8FCC1113}.Debug|Any CPU.Build.0 = Debug|Any CPU
		{78978EB6-B131-0545-0D6E-B0BC8FCC1113}.Release|Any CPU.ActiveCfg = Release|Any CPU
		{78978EB6-B131-0545-0D6E-B0BC8FCC1113}.Release|Any CPU.Build.0 = Release|Any CPU
		{8B1B68C3-AC69-0FCE-350F-F2EA2F2B4AEB}.Debug|Any CPU.ActiveCfg = Debug|Any CPU
		{8B1B68C3-AC69-0FCE-350F-F2EA2F2B4AEB}.Debug|Any CPU.Build.0 = Debug|Any CPU
		{8B1B68C3-AC69-0FCE-350F-F2EA2F2B4AEB}.Release|Any CPU.ActiveCfg = Release|Any CPU
		{8B1B68C3-AC69-0FCE-350F-F2EA2F2B4AEB}.Release|Any CPU.Build.0 = Release|Any CPU
		{6A2193A6-0DC6-0492-097E-5CAC7D1D9013}.Debug|Any CPU.ActiveCfg = Debug|Any CPU
		{6A2193A6-0DC6-0492-097E-5CAC7D1D9013}.Debug|Any CPU.Build.0 = Debug|Any CPU
		{6A2193A6-0DC6-0492-097E-5CAC7D1D9013}.Release|Any CPU.ActiveCfg = Release|Any CPU
		{6A2193A6-0DC6-0492-097E-5CAC7D1D9013}.Release|Any CPU.Build.0 = Release|Any CPU
		{54A25D97-8E3D-0E2C-3325-476CCF391DE4}.Debug|Any CPU.ActiveCfg = Debug|Any CPU
		{54A25D97-8E3D-0E2C-3325-476CCF391DE4}.Debug|Any CPU.Build.0 = Debug|Any CPU
		{54A25D97-8E3D-0E2C-3325-476CCF391DE4}.Release|Any CPU.ActiveCfg = Release|Any CPU
		{54A25D97-8E3D-0E2C-3325-476CCF391DE4}.Release|Any CPU.Build.0 = Release|Any CPU
		{A1141CC2-C134-03D8-2668-468751798D36}.Debug|Any CPU.ActiveCfg = Debug|Any CPU
		{A1141CC2-C134-03D8-2668-468751798D36}.Debug|Any CPU.Build.0 = Debug|Any CPU
		{A1141CC2-C134-03D8-2668-468751798D36}.Release|Any CPU.ActiveCfg = Release|Any CPU
		{A1141CC2-C134-03D8-2668-468751798D36}.Release|Any CPU.Build.0 = Release|Any CPU
		{1F5086CB-68D1-0C97-2548-0F7CC172CF50}.Debug|Any CPU.ActiveCfg = Debug|Any CPU
		{1F5086CB-68D1-0C97-2548-0F7CC172CF50}.Debug|Any CPU.Build.0 = Debug|Any CPU
		{1F5086CB-68D1-0C97-2548-0F7CC172CF50}.Release|Any CPU.ActiveCfg = Release|Any CPU
		{1F5086CB-68D1-0C97-2548-0F7CC172CF50}.Release|Any CPU.Build.0 = Release|Any CPU
		{F9C00A4B-C1F3-0FE8-123A-955B67BADB83}.Debug|Any CPU.ActiveCfg = Debug|Any CPU
		{F9C00A4B-C1F3-0FE8-123A-955B67BADB83}.Debug|Any CPU.Build.0 = Debug|Any CPU
		{F9C00A4B-C1F3-0FE8-123A-955B67BADB83}.Release|Any CPU.ActiveCfg = Release|Any CPU
		{F9C00A4B-C1F3-0FE8-123A-955B67BADB83}.Release|Any CPU.Build.0 = Release|Any CPU
		{C1C8C110-9771-079A-2222-FE232A9B9CD3}.Debug|Any CPU.ActiveCfg = Debug|Any CPU
		{C1C8C110-9771-079A-2222-FE232A9B9CD3}.Debug|Any CPU.Build.0 = Debug|Any CPU
		{C1C8C110-9771-079A-2222-FE232A9B9CD3}.Release|Any CPU.ActiveCfg = Release|Any CPU
		{C1C8C110-9771-079A-2222-FE232A9B9CD3}.Release|Any CPU.Build.0 = Release|Any CPU
		{3CBA0BE0-B036-0577-0844-20A3F8A344A2}.Debug|Any CPU.ActiveCfg = Debug|Any CPU
		{3CBA0BE0-B036-0577-0844-20A3F8A344A2}.Debug|Any CPU.Build.0 = Debug|Any CPU
		{3CBA0BE0-B036-0577-0844-20A3F8A344A2}.Release|Any CPU.ActiveCfg = Release|Any CPU
		{3CBA0BE0-B036-0577-0844-20A3F8A344A2}.Release|Any CPU.Build.0 = Release|Any CPU
		{7C136F81-16AF-0896-3B69-D80A7C55C937}.Debug|Any CPU.ActiveCfg = Debug|Any CPU
		{7C136F81-16AF-0896-3B69-D80A7C55C937}.Debug|Any CPU.Build.0 = Debug|Any CPU
		{7C136F81-16AF-0896-3B69-D80A7C55C937}.Release|Any CPU.ActiveCfg = Release|Any CPU
		{7C136F81-16AF-0896-3B69-D80A7C55C937}.Release|Any CPU.Build.0 = Release|Any CPU
		{89036785-BD6D-0F2F-2204-B554602B818B}.Debug|Any CPU.ActiveCfg = Debug|Any CPU
		{89036785-BD6D-0F2F-2204-B554602B818B}.Debug|Any CPU.Build.0 = Debug|Any CPU
		{89036785-BD6D-0F2F-2204-B554602B818B}.Release|Any CPU.ActiveCfg = Release|Any CPU
		{89036785-BD6D-0F2F-2204-B554602B818B}.Release|Any CPU.Build.0 = Release|Any CPU
		{44C21C4B-686A-03CB-2479-39B32522F730}.Debug|Any CPU.ActiveCfg = Debug|Any CPU
		{44C21C4B-686A-03CB-2479-39B32522F730}.Debug|Any CPU.Build.0 = Debug|Any CPU
		{44C21C4B-686A-03CB-2479-39B32522F730}.Release|Any CPU.ActiveCfg = Release|Any CPU
		{44C21C4B-686A-03CB-2479-39B32522F730}.Release|Any CPU.Build.0 = Release|Any CPU
		{5B6C5307-AA60-07A5-04CE-F3B08E8F9A3E}.Debug|Any CPU.ActiveCfg = Debug|Any CPU
		{5B6C5307-AA60-07A5-04CE-F3B08E8F9A3E}.Debug|Any CPU.Build.0 = Debug|Any CPU
		{5B6C5307-AA60-07A5-04CE-F3B08E8F9A3E}.Release|Any CPU.ActiveCfg = Release|Any CPU
		{5B6C5307-AA60-07A5-04CE-F3B08E8F9A3E}.Release|Any CPU.Build.0 = Release|Any CPU
		{9D653029-F417-00DB-2026-FBF6EB932F7D}.Debug|Any CPU.ActiveCfg = Debug|Any CPU
		{9D653029-F417-00DB-2026-FBF6EB932F7D}.Debug|Any CPU.Build.0 = Debug|Any CPU
		{9D653029-F417-00DB-2026-FBF6EB932F7D}.Release|Any CPU.ActiveCfg = Release|Any CPU
		{9D653029-F417-00DB-2026-FBF6EB932F7D}.Release|Any CPU.Build.0 = Release|Any CPU
		{C0273CDD-2416-0613-3540-DB1930D68467}.Debug|Any CPU.ActiveCfg = Debug|Any CPU
		{C0273CDD-2416-0613-3540-DB1930D68467}.Debug|Any CPU.Build.0 = Debug|Any CPU
		{C0273CDD-2416-0613-3540-DB1930D68467}.Release|Any CPU.ActiveCfg = Release|Any CPU
		{C0273CDD-2416-0613-3540-DB1930D68467}.Release|Any CPU.Build.0 = Release|Any CPU
		{EC9E6AA1-D273-03B8-2ADC-BAC6DF615917}.Debug|Any CPU.ActiveCfg = Debug|Any CPU
		{EC9E6AA1-D273-03B8-2ADC-BAC6DF615917}.Debug|Any CPU.Build.0 = Debug|Any CPU
		{EC9E6AA1-D273-03B8-2ADC-BAC6DF615917}.Release|Any CPU.ActiveCfg = Release|Any CPU
		{EC9E6AA1-D273-03B8-2ADC-BAC6DF615917}.Release|Any CPU.Build.0 = Release|Any CPU
		{A6E1DDC3-FFBD-0709-3A7D-02BBAAD87F3D}.Debug|Any CPU.ActiveCfg = Debug|Any CPU
		{A6E1DDC3-FFBD-0709-3A7D-02BBAAD87F3D}.Debug|Any CPU.Build.0 = Debug|Any CPU
		{A6E1DDC3-FFBD-0709-3A7D-02BBAAD87F3D}.Release|Any CPU.ActiveCfg = Release|Any CPU
		{A6E1DDC3-FFBD-0709-3A7D-02BBAAD87F3D}.Release|Any CPU.Build.0 = Release|Any CPU
		{0EE7FF59-87E5-0283-293A-4966FF2D0C6C}.Debug|Any CPU.ActiveCfg = Debug|Any CPU
		{0EE7FF59-87E5-0283-293A-4966FF2D0C6C}.Debug|Any CPU.Build.0 = Debug|Any CPU
		{0EE7FF59-87E5-0283-293A-4966FF2D0C6C}.Release|Any CPU.ActiveCfg = Release|Any CPU
		{0EE7FF59-87E5-0283-293A-4966FF2D0C6C}.Release|Any CPU.Build.0 = Release|Any CPU
		{4320F011-D51E-0C3A-3147-23A058A4D2A4}.Debug|Any CPU.ActiveCfg = Debug|Any CPU
		{4320F011-D51E-0C3A-3147-23A058A4D2A4}.Debug|Any CPU.Build.0 = Debug|Any CPU
		{4320F011-D51E-0C3A-3147-23A058A4D2A4}.Release|Any CPU.ActiveCfg = Release|Any CPU
		{4320F011-D51E-0C3A-3147-23A058A4D2A4}.Release|Any CPU.Build.0 = Release|Any CPU
		{78629765-8B98-0842-175D-94B8626AA525}.Debug|Any CPU.ActiveCfg = Debug|Any CPU
		{78629765-8B98-0842-175D-94B8626AA525}.Debug|Any CPU.Build.0 = Debug|Any CPU
		{78629765-8B98-0842-175D-94B8626AA525}.Release|Any CPU.ActiveCfg = Release|Any CPU
		{78629765-8B98-0842-175D-94B8626AA525}.Release|Any CPU.Build.0 = Release|Any CPU
		{EAA3F4BE-F503-004E-0390-71DD44BBF2A6}.Debug|Any CPU.ActiveCfg = Debug|Any CPU
		{EAA3F4BE-F503-004E-0390-71DD44BBF2A6}.Debug|Any CPU.Build.0 = Debug|Any CPU
		{EAA3F4BE-F503-004E-0390-71DD44BBF2A6}.Release|Any CPU.ActiveCfg = Release|Any CPU
		{EAA3F4BE-F503-004E-0390-71DD44BBF2A6}.Release|Any CPU.Build.0 = Release|Any CPU
		{F6ED8EFA-09F8-075D-36EC-6E37880DA3FD}.Debug|Any CPU.ActiveCfg = Debug|Any CPU
		{F6ED8EFA-09F8-075D-36EC-6E37880DA3FD}.Debug|Any CPU.Build.0 = Debug|Any CPU
		{F6ED8EFA-09F8-075D-36EC-6E37880DA3FD}.Release|Any CPU.ActiveCfg = Release|Any CPU
		{F6ED8EFA-09F8-075D-36EC-6E37880DA3FD}.Release|Any CPU.Build.0 = Release|Any CPU
		{727EA9DD-8C43-0E6B-0BE0-F09E3C41007F}.Debug|Any CPU.ActiveCfg = Debug|Any CPU
		{727EA9DD-8C43-0E6B-0BE0-F09E3C41007F}.Debug|Any CPU.Build.0 = Debug|Any CPU
		{727EA9DD-8C43-0E6B-0BE0-F09E3C41007F}.Release|Any CPU.ActiveCfg = Release|Any CPU
		{727EA9DD-8C43-0E6B-0BE0-F09E3C41007F}.Release|Any CPU.Build.0 = Release|Any CPU
		{5CE322B5-FE78-0A2B-3E87-2E07F7A4F97F}.Debug|Any CPU.ActiveCfg = Debug|Any CPU
		{5CE322B5-FE78-0A2B-3E87-2E07F7A4F97F}.Debug|Any CPU.Build.0 = Debug|Any CPU
		{5CE322B5-FE78-0A2B-3E87-2E07F7A4F97F}.Release|Any CPU.ActiveCfg = Release|Any CPU
		{5CE322B5-FE78-0A2B-3E87-2E07F7A4F97F}.Release|Any CPU.Build.0 = Release|Any CPU
		{F6ED4775-E65A-0830-10C3-2F118B870093}.Debug|Any CPU.ActiveCfg = Debug|Any CPU
		{F6ED4775-E65A-0830-10C3-2F118B870093}.Debug|Any CPU.Build.0 = Debug|Any CPU
		{F6ED4775-E65A-0830-10C3-2F118B870093}.Release|Any CPU.ActiveCfg = Release|Any CPU
		{F6ED4775-E65A-0830-10C3-2F118B870093}.Release|Any CPU.Build.0 = Release|Any CPU
		{B7170CED-C970-0479-16EB-87352B1A5247}.Debug|Any CPU.ActiveCfg = Debug|Any CPU
		{B7170CED-C970-0479-16EB-87352B1A5247}.Debug|Any CPU.Build.0 = Debug|Any CPU
		{B7170CED-C970-0479-16EB-87352B1A5247}.Release|Any CPU.ActiveCfg = Release|Any CPU
		{B7170CED-C970-0479-16EB-87352B1A5247}.Release|Any CPU.Build.0 = Release|Any CPU
		{C223AF1B-BFFB-068A-23DD-E5BCD105267D}.Debug|Any CPU.ActiveCfg = Debug|Any CPU
		{C223AF1B-BFFB-068A-23DD-E5BCD105267D}.Debug|Any CPU.Build.0 = Debug|Any CPU
		{C223AF1B-BFFB-068A-23DD-E5BCD105267D}.Release|Any CPU.ActiveCfg = Release|Any CPU
		{C223AF1B-BFFB-068A-23DD-E5BCD105267D}.Release|Any CPU.Build.0 = Release|Any CPU
		{7F7F45BE-A76B-005E-01E4-D87E4A04D24C}.Debug|Any CPU.ActiveCfg = Debug|Any CPU
		{7F7F45BE-A76B-005E-01E4-D87E4A04D24C}.Debug|Any CPU.Build.0 = Debug|Any CPU
		{7F7F45BE-A76B-005E-01E4-D87E4A04D24C}.Release|Any CPU.ActiveCfg = Release|Any CPU
		{7F7F45BE-A76B-005E-01E4-D87E4A04D24C}.Release|Any CPU.Build.0 = Release|Any CPU
		{2CF57D09-D35E-0CD7-2791-6E660F5CA830}.Debug|Any CPU.ActiveCfg = Debug|Any CPU
		{2CF57D09-D35E-0CD7-2791-6E660F5CA830}.Debug|Any CPU.Build.0 = Debug|Any CPU
		{2CF57D09-D35E-0CD7-2791-6E660F5CA830}.Release|Any CPU.ActiveCfg = Release|Any CPU
		{2CF57D09-D35E-0CD7-2791-6E660F5CA830}.Release|Any CPU.Build.0 = Release|Any CPU
		{308C9312-0E11-04FE-124C-3EBB6B4458A2}.Debug|Any CPU.ActiveCfg = Debug|Any CPU
		{308C9312-0E11-04FE-124C-3EBB6B4458A2}.Debug|Any CPU.Build.0 = Debug|Any CPU
		{308C9312-0E11-04FE-124C-3EBB6B4458A2}.Release|Any CPU.ActiveCfg = Release|Any CPU
		{308C9312-0E11-04FE-124C-3EBB6B4458A2}.Release|Any CPU.Build.0 = Release|Any CPU
		{D58A15D1-8241-0F76-0455-52E88D923549}.Debug|Any CPU.ActiveCfg = Debug|Any CPU
		{D58A15D1-8241-0F76-0455-52E88D923549}.Debug|Any CPU.Build.0 = Debug|Any CPU
		{D58A15D1-8241-0F76-0455-52E88D923549}.Release|Any CPU.ActiveCfg = Release|Any CPU
		{D58A15D1-8241-0F76-0455-52E88D923549}.Release|Any CPU.Build.0 = Release|Any CPU
		{39D0F710-3ABC-0DD0-0DCF-7A2A07004BE6}.Debug|Any CPU.ActiveCfg = Debug|Any CPU
		{39D0F710-3ABC-0DD0-0DCF-7A2A07004BE6}.Debug|Any CPU.Build.0 = Debug|Any CPU
		{39D0F710-3ABC-0DD0-0DCF-7A2A07004BE6}.Release|Any CPU.ActiveCfg = Release|Any CPU
		{39D0F710-3ABC-0DD0-0DCF-7A2A07004BE6}.Release|Any CPU.Build.0 = Release|Any CPU
		{9B66CC9D-0A8B-0693-08DE-C348FDDBFF59}.Debug|Any CPU.ActiveCfg = Debug|Any CPU
		{9B66CC9D-0A8B-0693-08DE-C348FDDBFF59}.Debug|Any CPU.Build.0 = Debug|Any CPU
		{9B66CC9D-0A8B-0693-08DE-C348FDDBFF59}.Release|Any CPU.ActiveCfg = Release|Any CPU
		{9B66CC9D-0A8B-0693-08DE-C348FDDBFF59}.Release|Any CPU.Build.0 = Release|Any CPU
		{C44ED6A8-3BB1-0702-0404-ADDE38C51784}.Debug|Any CPU.ActiveCfg = Debug|Any CPU
		{C44ED6A8-3BB1-0702-0404-ADDE38C51784}.Debug|Any CPU.Build.0 = Debug|Any CPU
		{C44ED6A8-3BB1-0702-0404-ADDE38C51784}.Release|Any CPU.ActiveCfg = Release|Any CPU
		{C44ED6A8-3BB1-0702-0404-ADDE38C51784}.Release|Any CPU.Build.0 = Release|Any CPU
		{4278B530-D0E1-08A7-3F77-02147040D43F}.Debug|Any CPU.ActiveCfg = Debug|Any CPU
		{4278B530-D0E1-08A7-3F77-02147040D43F}.Debug|Any CPU.Build.0 = Debug|Any CPU
		{4278B530-D0E1-08A7-3F77-02147040D43F}.Release|Any CPU.ActiveCfg = Release|Any CPU
		{4278B530-D0E1-08A7-3F77-02147040D43F}.Release|Any CPU.Build.0 = Release|Any CPU
		{80B5AAB6-A3A8-0045-17CE-09571969515E}.Debug|Any CPU.ActiveCfg = Debug|Any CPU
		{80B5AAB6-A3A8-0045-17CE-09571969515E}.Debug|Any CPU.Build.0 = Debug|Any CPU
		{80B5AAB6-A3A8-0045-17CE-09571969515E}.Release|Any CPU.ActiveCfg = Release|Any CPU
		{80B5AAB6-A3A8-0045-17CE-09571969515E}.Release|Any CPU.Build.0 = Release|Any CPU
		{93049A87-AFBD-0807-0FA3-D687AAF88DAE}.Debug|Any CPU.ActiveCfg = Debug|Any CPU
		{93049A87-AFBD-0807-0FA3-D687AAF88DAE}.Debug|Any CPU.Build.0 = Debug|Any CPU
		{93049A87-AFBD-0807-0FA3-D687AAF88DAE}.Release|Any CPU.ActiveCfg = Release|Any CPU
		{93049A87-AFBD-0807-0FA3-D687AAF88DAE}.Release|Any CPU.Build.0 = Release|Any CPU
		{93C37D9A-8FD1-00C4-2E66-561461A6C4CE}.Debug|Any CPU.ActiveCfg = Debug|Any CPU
		{93C37D9A-8FD1-00C4-2E66-561461A6C4CE}.Debug|Any CPU.Build.0 = Debug|Any CPU
		{93C37D9A-8FD1-00C4-2E66-561461A6C4CE}.Release|Any CPU.ActiveCfg = Release|Any CPU
		{93C37D9A-8FD1-00C4-2E66-561461A6C4CE}.Release|Any CPU.Build.0 = Release|Any CPU
		{83475B02-70F1-0356-3399-014246565932}.Debug|Any CPU.ActiveCfg = Debug|Any CPU
		{83475B02-70F1-0356-3399-014246565932}.Debug|Any CPU.Build.0 = Debug|Any CPU
		{83475B02-70F1-0356-3399-014246565932}.Release|Any CPU.ActiveCfg = Release|Any CPU
		{83475B02-70F1-0356-3399-014246565932}.Release|Any CPU.Build.0 = Release|Any CPU
		{DAD60BDE-ECA3-0379-35AC-7B65B2090EEA}.Debug|Any CPU.ActiveCfg = Debug|Any CPU
		{DAD60BDE-ECA3-0379-35AC-7B65B2090EEA}.Debug|Any CPU.Build.0 = Debug|Any CPU
		{DAD60BDE-ECA3-0379-35AC-7B65B2090EEA}.Release|Any CPU.ActiveCfg = Release|Any CPU
		{DAD60BDE-ECA3-0379-35AC-7B65B2090EEA}.Release|Any CPU.Build.0 = Release|Any CPU
		{4260A785-D876-00E6-352E-08865683005E}.Debug|Any CPU.ActiveCfg = Debug|Any CPU
		{4260A785-D876-00E6-352E-08865683005E}.Debug|Any CPU.Build.0 = Debug|Any CPU
		{4260A785-D876-00E6-352E-08865683005E}.Release|Any CPU.ActiveCfg = Release|Any CPU
		{4260A785-D876-00E6-352E-08865683005E}.Release|Any CPU.Build.0 = Release|Any CPU
		{B26C9346-72B7-0F8B-28D5-7BB6D8D0459B}.Debug|Any CPU.ActiveCfg = Debug|Any CPU
		{B26C9346-72B7-0F8B-28D5-7BB6D8D0459B}.Debug|Any CPU.Build.0 = Debug|Any CPU
		{B26C9346-72B7-0F8B-28D5-7BB6D8D0459B}.Release|Any CPU.ActiveCfg = Release|Any CPU
		{B26C9346-72B7-0F8B-28D5-7BB6D8D0459B}.Release|Any CPU.Build.0 = Release|Any CPU
		{05A265C8-733E-0739-3EEF-3DA517957947}.Debug|Any CPU.ActiveCfg = Debug|Any CPU
		{05A265C8-733E-0739-3EEF-3DA517957947}.Debug|Any CPU.Build.0 = Debug|Any CPU
		{05A265C8-733E-0739-3EEF-3DA517957947}.Release|Any CPU.ActiveCfg = Release|Any CPU
		{05A265C8-733E-0739-3EEF-3DA517957947}.Release|Any CPU.Build.0 = Release|Any CPU
		{181E1587-F694-021E-13E4-A4C11C163F7A}.Debug|Any CPU.ActiveCfg = Debug|Any CPU
		{181E1587-F694-021E-13E4-A4C11C163F7A}.Debug|Any CPU.Build.0 = Debug|Any CPU
		{181E1587-F694-021E-13E4-A4C11C163F7A}.Release|Any CPU.ActiveCfg = Release|Any CPU
		{181E1587-F694-021E-13E4-A4C11C163F7A}.Release|Any CPU.Build.0 = Release|Any CPU
		{D8ADF485-C03D-0C72-087E-470F5DAD5E26}.Debug|Any CPU.ActiveCfg = Debug|Any CPU
		{D8ADF485-C03D-0C72-087E-470F5DAD5E26}.Debug|Any CPU.Build.0 = Debug|Any CPU
		{D8ADF485-C03D-0C72-087E-470F5DAD5E26}.Release|Any CPU.ActiveCfg = Release|Any CPU
		{D8ADF485-C03D-0C72-087E-470F5DAD5E26}.Release|Any CPU.Build.0 = Release|Any CPU
		{3D85BE16-5CF0-043C-2749-FB566A941E54}.Debug|Any CPU.ActiveCfg = Debug|Any CPU
		{3D85BE16-5CF0-043C-2749-FB566A941E54}.Debug|Any CPU.Build.0 = Debug|Any CPU
		{3D85BE16-5CF0-043C-2749-FB566A941E54}.Release|Any CPU.ActiveCfg = Release|Any CPU
		{3D85BE16-5CF0-043C-2749-FB566A941E54}.Release|Any CPU.Build.0 = Release|Any CPU
		{5FCEAA7B-E3A4-06E8-2148-4ABC0087589B}.Debug|Any CPU.ActiveCfg = Debug|Any CPU
		{5FCEAA7B-E3A4-06E8-2148-4ABC0087589B}.Debug|Any CPU.Build.0 = Debug|Any CPU
		{5FCEAA7B-E3A4-06E8-2148-4ABC0087589B}.Release|Any CPU.ActiveCfg = Release|Any CPU
		{5FCEAA7B-E3A4-06E8-2148-4ABC0087589B}.Release|Any CPU.Build.0 = Release|Any CPU
		{CF585DC9-B465-02A6-1A1A-37C2A66DB3D7}.Debug|Any CPU.ActiveCfg = Debug|Any CPU
		{CF585DC9-B465-02A6-1A1A-37C2A66DB3D7}.Debug|Any CPU.Build.0 = Debug|Any CPU
		{CF585DC9-B465-02A6-1A1A-37C2A66DB3D7}.Release|Any CPU.ActiveCfg = Release|Any CPU
		{CF585DC9-B465-02A6-1A1A-37C2A66DB3D7}.Release|Any CPU.Build.0 = Release|Any CPU
		{EBF0F747-8271-0532-0661-7F5E06B2BC34}.Debug|Any CPU.ActiveCfg = Debug|Any CPU
		{EBF0F747-8271-0532-0661-7F5E06B2BC34}.Debug|Any CPU.Build.0 = Debug|Any CPU
		{EBF0F747-8271-0532-0661-7F5E06B2BC34}.Release|Any CPU.ActiveCfg = Release|Any CPU
		{EBF0F747-8271-0532-0661-7F5E06B2BC34}.Release|Any CPU.Build.0 = Release|Any CPU
		{0C39A4C8-D4B9-025C-0830-8E0DEE2700D7}.Debug|Any CPU.ActiveCfg = Debug|Any CPU
		{0C39A4C8-D4B9-025C-0830-8E0DEE2700D7}.Debug|Any CPU.Build.0 = Debug|Any CPU
		{0C39A4C8-D4B9-025C-0830-8E0DEE2700D7}.Release|Any CPU.ActiveCfg = Release|Any CPU
		{0C39A4C8-D4B9-025C-0830-8E0DEE2700D7}.Release|Any CPU.Build.0 = Release|Any CPU
		{97AC2DCE-6849-042E-0903-8D572733C7B7}.Debug|Any CPU.ActiveCfg = Debug|Any CPU
		{97AC2DCE-6849-042E-0903-8D572733C7B7}.Debug|Any CPU.Build.0 = Debug|Any CPU
		{97AC2DCE-6849-042E-0903-8D572733C7B7}.Release|Any CPU.ActiveCfg = Release|Any CPU
		{97AC2DCE-6849-042E-0903-8D572733C7B7}.Release|Any CPU.Build.0 = Release|Any CPU
		{D612BEA0-7F16-01A8-1486-2BBD14998AAA}.Debug|Any CPU.ActiveCfg = Debug|Any CPU
		{D612BEA0-7F16-01A8-1486-2BBD14998AAA}.Debug|Any CPU.Build.0 = Debug|Any CPU
		{D612BEA0-7F16-01A8-1486-2BBD14998AAA}.Release|Any CPU.ActiveCfg = Release|Any CPU
		{D612BEA0-7F16-01A8-1486-2BBD14998AAA}.Release|Any CPU.Build.0 = Release|Any CPU
		{EDB1110B-8240-0EE6-233A-092D5B669B8C}.Debug|Any CPU.ActiveCfg = Debug|Any CPU
		{EDB1110B-8240-0EE6-233A-092D5B669B8C}.Debug|Any CPU.Build.0 = Debug|Any CPU
		{EDB1110B-8240-0EE6-233A-092D5B669B8C}.Release|Any CPU.ActiveCfg = Release|Any CPU
		{EDB1110B-8240-0EE6-233A-092D5B669B8C}.Release|Any CPU.Build.0 = Release|Any CPU
		{406FC00D-0C0A-0965-333D-9776D7BFBE96}.Debug|Any CPU.ActiveCfg = Debug|Any CPU
		{406FC00D-0C0A-0965-333D-9776D7BFBE96}.Debug|Any CPU.Build.0 = Debug|Any CPU
		{406FC00D-0C0A-0965-333D-9776D7BFBE96}.Release|Any CPU.ActiveCfg = Release|Any CPU
		{406FC00D-0C0A-0965-333D-9776D7BFBE96}.Release|Any CPU.Build.0 = Release|Any CPU
		{38D76FE2-9E66-0EC8-3235-1E6C3800BE99}.Debug|Any CPU.ActiveCfg = Debug|Any CPU
		{38D76FE2-9E66-0EC8-3235-1E6C3800BE99}.Debug|Any CPU.Build.0 = Debug|Any CPU
		{38D76FE2-9E66-0EC8-3235-1E6C3800BE99}.Release|Any CPU.ActiveCfg = Release|Any CPU
		{38D76FE2-9E66-0EC8-3235-1E6C3800BE99}.Release|Any CPU.Build.0 = Release|Any CPU
		{D6C6E050-C363-0B95-26DF-500B05B0D9E5}.Debug|Any CPU.ActiveCfg = Debug|Any CPU
		{D6C6E050-C363-0B95-26DF-500B05B0D9E5}.Debug|Any CPU.Build.0 = Debug|Any CPU
		{D6C6E050-C363-0B95-26DF-500B05B0D9E5}.Release|Any CPU.ActiveCfg = Release|Any CPU
		{D6C6E050-C363-0B95-26DF-500B05B0D9E5}.Release|Any CPU.Build.0 = Release|Any CPU
		{0AD9C02A-86DE-02FD-03AF-7E878FE09514}.Debug|Any CPU.ActiveCfg = Debug|Any CPU
		{0AD9C02A-86DE-02FD-03AF-7E878FE09514}.Debug|Any CPU.Build.0 = Debug|Any CPU
		{0AD9C02A-86DE-02FD-03AF-7E878FE09514}.Release|Any CPU.ActiveCfg = Release|Any CPU
		{0AD9C02A-86DE-02FD-03AF-7E878FE09514}.Release|Any CPU.Build.0 = Release|Any CPU
	EndGlobalSection
EndGlobal
